
Microsoft Visual Studio Solution File, Format Version 12.00
# Visual Studio Version 17
VisualStudioVersion = 17.4.33213.308
MinimumVisualStudioVersion = 10.0.40219.1
Project("{FAE04EC0-301F-11D3-BF4B-00C04F79EFBC}") = "Temp_Show2", "Temp_Show2.csproj", "{6E01B9D0-EECC-48EC-99DB-1CF34A0EF0B8}"
EndProject
Global
	GlobalSection(SolutionConfigurationPlatforms) = preSolution
		Debug|Any CPU = Debug|Any CPU
		Release|Any CPU = Release|Any CPU
	EndGlobalSection
	GlobalSection(ProjectConfigurationPlatforms) = postSolution
		{6E01B9D0-EECC-48EC-99DB-1CF34A0EF0B8}.Debug|Any CPU.ActiveCfg = Debug|Any CPU
		{6E01B9D0-EECC-48EC-99DB-1CF34A0EF0B8}.Debug|Any CPU.Build.0 = Debug|Any CPU
		{6E01B9D0-EECC-48EC-99DB-1CF34A0EF0B8}.Release|Any CPU.ActiveCfg = Release|Any CPU
		{6E01B9D0-EECC-48EC-99DB-1CF34A0EF0B8}.Release|Any CPU.Build.0 = Release|Any CPU
	EndGlobalSection
	GlobalSection(SolutionProperties) = preSolution
		HideSolutionNode = FALSE
	EndGlobalSection
	GlobalSection(ExtensibilityGlobals) = postSolution
		SolutionGuid = {CAF9BC71-AEDF-4ECD-A35D-6405F89E8813}
	EndGlobalSection
EndGlobal
